// !$*UTF8*$!
{
	archiveVersion = 1;
	classes = {
	};
	objectVersion = 46;
	objects = {

/* Begin PBXBuildFile section */
		4DBDC04919F4D45000B67E9E /* Foundation.framework in Frameworks */ = {isa = PBXBuildFile; fileRef = 4DBDC04819F4D45000B67E9E /* Foundation.framework */; };
		4DBDC04B19F4D45000B67E9E /* CoreGraphics.framework in Frameworks */ = {isa = PBXBuildFile; fileRef = 4DBDC04A19F4D45000B67E9E /* CoreGraphics.framework */; };
		4DBDC04D19F4D45000B67E9E /* UIKit.framework in Frameworks */ = {isa = PBXBuildFile; fileRef = 4DBDC04C19F4D45000B67E9E /* UIKit.framework */; };
		4DBDC05319F4D45000B67E9E /* InfoPlist.strings in Resources */ = {isa = PBXBuildFile; fileRef = 4DBDC05119F4D45000B67E9E /* InfoPlist.strings */; };
		4DBDC05519F4D45000B67E9E /* main.m in Sources */ = {isa = PBXBuildFile; fileRef = 4DBDC05419F4D45000B67E9E /* main.m */; };
		4DBDC05919F4D45000B67E9E /* AppDelegate.m in Sources */ = {isa = PBXBuildFile; fileRef = 4DBDC05819F4D45000B67E9E /* AppDelegate.m */; };
		4DBDC05C19F4D45000B67E9E /* Main.storyboard in Resources */ = {isa = PBXBuildFile; fileRef = 4DBDC05A19F4D45000B67E9E /* Main.storyboard */; };
		4DBDC05F19F4D45000B67E9E /* ViewController.m in Sources */ = {isa = PBXBuildFile; fileRef = 4DBDC05E19F4D45000B67E9E /* ViewController.m */; };
		4DBDC06119F4D45000B67E9E /* Images.xcassets in Resources */ = {isa = PBXBuildFile; fileRef = 4DBDC06019F4D45000B67E9E /* Images.xcassets */; };
		4DBDC06819F4D45000B67E9E /* XCTest.framework in Frameworks */ = {isa = PBXBuildFile; fileRef = 4DBDC06719F4D45000B67E9E /* XCTest.framework */; };
		4DBDC06919F4D45000B67E9E /* Foundation.framework in Frameworks */ = {isa = PBXBuildFile; fileRef = 4DBDC04819F4D45000B67E9E /* Foundation.framework */; };
		4DBDC06A19F4D45000B67E9E /* UIKit.framework in Frameworks */ = {isa = PBXBuildFile; fileRef = 4DBDC04C19F4D45000B67E9E /* UIKit.framework */; };
		4DBDC07219F4D45000B67E9E /* InfoPlist.strings in Resources */ = {isa = PBXBuildFile; fileRef = 4DBDC07019F4D45000B67E9E /* InfoPlist.strings */; };
		4DBDC07419F4D45000B67E9E /* NimbleTestTests.m in Sources */ = {isa = PBXBuildFile; fileRef = 4DBDC07319F4D45000B67E9E /* NimbleTestTests.m */; };
		4DBDC07E19F4D82800B67E9E /* CoreBluetooth.framework in Frameworks */ = {isa = PBXBuildFile; fileRef = 4DBDC07D19F4D82800B67E9E /* CoreBluetooth.framework */; };
		4DBDC08019F4D83200B67E9E /* CoreLocation.framework in Frameworks */ = {isa = PBXBuildFile; fileRef = 4DBDC07F19F4D83200B67E9E /* CoreLocation.framework */; };
		4DBDC08219F4D83D00B67E9E /* CoreMotion.framework in Frameworks */ = {isa = PBXBuildFile; fileRef = 4DBDC08119F4D83D00B67E9E /* CoreMotion.framework */; };
		4DBDC08419F4D8A600B67E9E /* IndoorGuide.framework in Frameworks */ = {isa = PBXBuildFile; fileRef = 4DBDC08319F4D8A600B67E9E /* IndoorGuide.framework */; };
/* End PBXBuildFile section */

/* Begin PBXContainerItemProxy section */
		4DBDC06B19F4D45000B67E9E /* PBXContainerItemProxy */ = {
			isa = PBXContainerItemProxy;
			containerPortal = 4DBDC03D19F4D45000B67E9E /* Project object */;
			proxyType = 1;
			remoteGlobalIDString = 4DBDC04419F4D45000B67E9E;
			remoteInfo = NimbleTest;
		};
/* End PBXContainerItemProxy section */

/* Begin PBXFileReference section */
		4DBDC04519F4D45000B67E9E /* NimbleTest.app */ = {isa = PBXFileReference; explicitFileType = wrapper.application; includeInIndex = 0; path = NimbleTest.app; sourceTree = BUILT_PRODUCTS_DIR; };
		4DBDC04819F4D45000B67E9E /* Foundation.framework */ = {isa = PBXFileReference; lastKnownFileType = wrapper.framework; name = Foundation.framework; path = System/Library/Frameworks/Foundation.framework; sourceTree = SDKROOT; };
		4DBDC04A19F4D45000B67E9E /* CoreGraphics.framework */ = {isa = PBXFileReference; lastKnownFileType = wrapper.framework; name = CoreGraphics.framework; path = System/Library/Frameworks/CoreGraphics.framework; sourceTree = SDKROOT; };
		4DBDC04C19F4D45000B67E9E /* UIKit.framework */ = {isa = PBXFileReference; lastKnownFileType = wrapper.framework; name = UIKit.framework; path = System/Library/Frameworks/UIKit.framework; sourceTree = SDKROOT; };
		4DBDC05019F4D45000B67E9E /* NimbleTest-Info.plist */ = {isa = PBXFileReference; lastKnownFileType = text.plist.xml; path = "NimbleTest-Info.plist"; sourceTree = "<group>"; };
		4DBDC05219F4D45000B67E9E /* en */ = {isa = PBXFileReference; lastKnownFileType = text.plist.strings; name = en; path = en.lproj/InfoPlist.strings; sourceTree = "<group>"; };
		4DBDC05419F4D45000B67E9E /* main.m */ = {isa = PBXFileReference; lastKnownFileType = sourcecode.c.objc; path = main.m; sourceTree = "<group>"; };
		4DBDC05619F4D45000B67E9E /* NimbleTest-Prefix.pch */ = {isa = PBXFileReference; lastKnownFileType = sourcecode.c.h; path = "NimbleTest-Prefix.pch"; sourceTree = "<group>"; };
		4DBDC05719F4D45000B67E9E /* AppDelegate.h */ = {isa = PBXFileReference; lastKnownFileType = sourcecode.c.h; path = AppDelegate.h; sourceTree = "<group>"; };
		4DBDC05819F4D45000B67E9E /* AppDelegate.m */ = {isa = PBXFileReference; lastKnownFileType = sourcecode.c.objc; path = AppDelegate.m; sourceTree = "<group>"; };
		4DBDC05B19F4D45000B67E9E /* Base */ = {isa = PBXFileReference; lastKnownFileType = file.storyboard; name = Base; path = Base.lproj/Main.storyboard; sourceTree = "<group>"; };
		4DBDC05D19F4D45000B67E9E /* ViewController.h */ = {isa = PBXFileReference; lastKnownFileType = sourcecode.c.h; path = ViewController.h; sourceTree = "<group>"; };
		4DBDC05E19F4D45000B67E9E /* ViewController.m */ = {isa = PBXFileReference; lastKnownFileType = sourcecode.c.objc; path = ViewController.m; sourceTree = "<group>"; };
		4DBDC06019F4D45000B67E9E /* Images.xcassets */ = {isa = PBXFileReference; lastKnownFileType = folder.assetcatalog; path = Images.xcassets; sourceTree = "<group>"; };
		4DBDC06619F4D45000B67E9E /* NimbleTestTests.xctest */ = {isa = PBXFileReference; explicitFileType = wrapper.cfbundle; includeInIndex = 0; path = NimbleTestTests.xctest; sourceTree = BUILT_PRODUCTS_DIR; };
		4DBDC06719F4D45000B67E9E /* XCTest.framework */ = {isa = PBXFileReference; lastKnownFileType = wrapper.framework; name = XCTest.framework; path = Library/Frameworks/XCTest.framework; sourceTree = DEVELOPER_DIR; };
		4DBDC06F19F4D45000B67E9E /* NimbleTestTests-Info.plist */ = {isa = PBXFileReference; lastKnownFileType = text.plist.xml; path = "NimbleTestTests-Info.plist"; sourceTree = "<group>"; };
		4DBDC07119F4D45000B67E9E /* en */ = {isa = PBXFileReference; lastKnownFileType = text.plist.strings; name = en; path = en.lproj/InfoPlist.strings; sourceTree = "<group>"; };
		4DBDC07319F4D45000B67E9E /* NimbleTestTests.m */ = {isa = PBXFileReference; lastKnownFileType = sourcecode.c.objc; path = NimbleTestTests.m; sourceTree = "<group>"; };
		4DBDC07D19F4D82800B67E9E /* CoreBluetooth.framework */ = {isa = PBXFileReference; lastKnownFileType = wrapper.framework; name = CoreBluetooth.framework; path = System/Library/Frameworks/CoreBluetooth.framework; sourceTree = SDKROOT; };
		4DBDC07F19F4D83200B67E9E /* CoreLocation.framework */ = {isa = PBXFileReference; lastKnownFileType = wrapper.framework; name = CoreLocation.framework; path = System/Library/Frameworks/CoreLocation.framework; sourceTree = SDKROOT; };
		4DBDC08119F4D83D00B67E9E /* CoreMotion.framework */ = {isa = PBXFileReference; lastKnownFileType = wrapper.framework; name = CoreMotion.framework; path = System/Library/Frameworks/CoreMotion.framework; sourceTree = SDKROOT; };
		4DBDC08319F4D8A600B67E9E /* IndoorGuide.framework */ = {isa = PBXFileReference; lastKnownFileType = wrapper.framework; path = IndoorGuide.framework; sourceTree = "<group>"; };
/* End PBXFileReference section */

/* Begin PBXFrameworksBuildPhase section */
		4DBDC04219F4D45000B67E9E /* Frameworks */ = {
			isa = PBXFrameworksBuildPhase;
			buildActionMask = 2147483647;
			files = (
				4DBDC08419F4D8A600B67E9E /* IndoorGuide.framework in Frameworks */,
				4DBDC08219F4D83D00B67E9E /* CoreMotion.framework in Frameworks */,
				4DBDC08019F4D83200B67E9E /* CoreLocation.framework in Frameworks */,
				4DBDC07E19F4D82800B67E9E /* CoreBluetooth.framework in Frameworks */,
				4DBDC04B19F4D45000B67E9E /* CoreGraphics.framework in Frameworks */,
				4DBDC04D19F4D45000B67E9E /* UIKit.framework in Frameworks */,
				4DBDC04919F4D45000B67E9E /* Foundation.framework in Frameworks */,
			);
			runOnlyForDeploymentPostprocessing = 0;
		};
		4DBDC06319F4D45000B67E9E /* Frameworks */ = {
			isa = PBXFrameworksBuildPhase;
			buildActionMask = 2147483647;
			files = (
				4DBDC06819F4D45000B67E9E /* XCTest.framework in Frameworks */,
				4DBDC06A19F4D45000B67E9E /* UIKit.framework in Frameworks */,
				4DBDC06919F4D45000B67E9E /* Foundation.framework in Frameworks */,
			);
			runOnlyForDeploymentPostprocessing = 0;
		};
/* End PBXFrameworksBuildPhase section */

/* Begin PBXGroup section */
		4DBDC03C19F4D45000B67E9E = {
			isa = PBXGroup;
			children = (
				4DBDC04E19F4D45000B67E9E /* NimbleTest */,
				4DBDC06D19F4D45000B67E9E /* NimbleTestTests */,
				4DBDC04719F4D45000B67E9E /* Frameworks */,
				4DBDC04619F4D45000B67E9E /* Products */,
			);
			sourceTree = "<group>";
		};
		4DBDC04619F4D45000B67E9E /* Products */ = {
			isa = PBXGroup;
			children = (
				4DBDC04519F4D45000B67E9E /* NimbleTest.app */,
				4DBDC06619F4D45000B67E9E /* NimbleTestTests.xctest */,
			);
			name = Products;
			sourceTree = "<group>";
		};
		4DBDC04719F4D45000B67E9E /* Frameworks */ = {
			isa = PBXGroup;
			children = (
				4DBDC08319F4D8A600B67E9E /* IndoorGuide.framework */,
				4DBDC08119F4D83D00B67E9E /* CoreMotion.framework */,
				4DBDC07F19F4D83200B67E9E /* CoreLocation.framework */,
				4DBDC07D19F4D82800B67E9E /* CoreBluetooth.framework */,
				4DBDC04819F4D45000B67E9E /* Foundation.framework */,
				4DBDC04A19F4D45000B67E9E /* CoreGraphics.framework */,
				4DBDC04C19F4D45000B67E9E /* UIKit.framework */,
				4DBDC06719F4D45000B67E9E /* XCTest.framework */,
			);
			name = Frameworks;
			sourceTree = "<group>";
		};
		4DBDC04E19F4D45000B67E9E /* NimbleTest */ = {
			isa = PBXGroup;
			children = (
				4DBDC05719F4D45000B67E9E /* AppDelegate.h */,
				4DBDC05819F4D45000B67E9E /* AppDelegate.m */,
				4DBDC05A19F4D45000B67E9E /* Main.storyboard */,
				4DBDC05D19F4D45000B67E9E /* ViewController.h */,
				4DBDC05E19F4D45000B67E9E /* ViewController.m */,
				4DBDC06019F4D45000B67E9E /* Images.xcassets */,
				4DBDC04F19F4D45000B67E9E /* Supporting Files */,
			);
			path = NimbleTest;
			sourceTree = "<group>";
		};
		4DBDC04F19F4D45000B67E9E /* Supporting Files */ = {
			isa = PBXGroup;
			children = (
				4DBDC05019F4D45000B67E9E /* NimbleTest-Info.plist */,
				4DBDC05119F4D45000B67E9E /* InfoPlist.strings */,
				4DBDC05419F4D45000B67E9E /* main.m */,
				4DBDC05619F4D45000B67E9E /* NimbleTest-Prefix.pch */,
			);
			name = "Supporting Files";
			sourceTree = "<group>";
		};
		4DBDC06D19F4D45000B67E9E /* NimbleTestTests */ = {
			isa = PBXGroup;
			children = (
				4DBDC07319F4D45000B67E9E /* NimbleTestTests.m */,
				4DBDC06E19F4D45000B67E9E /* Supporting Files */,
			);
			path = NimbleTestTests;
			sourceTree = "<group>";
		};
		4DBDC06E19F4D45000B67E9E /* Supporting Files */ = {
			isa = PBXGroup;
			children = (
				4DBDC06F19F4D45000B67E9E /* NimbleTestTests-Info.plist */,
				4DBDC07019F4D45000B67E9E /* InfoPlist.strings */,
			);
			name = "Supporting Files";
			sourceTree = "<group>";
		};
/* End PBXGroup section */

/* Begin PBXNativeTarget section */
		4DBDC04419F4D45000B67E9E /* NimbleTest */ = {
			isa = PBXNativeTarget;
			buildConfigurationList = 4DBDC07719F4D45000B67E9E /* Build configuration list for PBXNativeTarget "NimbleTest" */;
			buildPhases = (
				4DBDC04119F4D45000B67E9E /* Sources */,
				4DBDC04219F4D45000B67E9E /* Frameworks */,
				4DBDC04319F4D45000B67E9E /* Resources */,
			);
			buildRules = (
			);
			dependencies = (
			);
			name = NimbleTest;
			productName = NimbleTest;
			productReference = 4DBDC04519F4D45000B67E9E /* NimbleTest.app */;
			productType = "com.apple.product-type.application";
		};
		4DBDC06519F4D45000B67E9E /* NimbleTestTests */ = {
			isa = PBXNativeTarget;
			buildConfigurationList = 4DBDC07A19F4D45000B67E9E /* Build configuration list for PBXNativeTarget "NimbleTestTests" */;
			buildPhases = (
				4DBDC06219F4D45000B67E9E /* Sources */,
				4DBDC06319F4D45000B67E9E /* Frameworks */,
				4DBDC06419F4D45000B67E9E /* Resources */,
			);
			buildRules = (
			);
			dependencies = (
				4DBDC06C19F4D45000B67E9E /* PBXTargetDependency */,
			);
			name = NimbleTestTests;
			productName = NimbleTestTests;
			productReference = 4DBDC06619F4D45000B67E9E /* NimbleTestTests.xctest */;
			productType = "com.apple.product-type.bundle.unit-test";
		};
/* End PBXNativeTarget section */

/* Begin PBXProject section */
		4DBDC03D19F4D45000B67E9E /* Project object */ = {
			isa = PBXProject;
			attributes = {
				LastUpgradeCheck = 0510;
				ORGANIZATIONNAME = Connovatech;
				TargetAttributes = {
					4DBDC06519F4D45000B67E9E = {
						TestTargetID = 4DBDC04419F4D45000B67E9E;
					};
				};
			};
			buildConfigurationList = 4DBDC04019F4D45000B67E9E /* Build configuration list for PBXProject "NimbleTest" */;
			compatibilityVersion = "Xcode 3.2";
			developmentRegion = English;
			hasScannedForEncodings = 0;
			knownRegions = (
				en,
				Base,
			);
			mainGroup = 4DBDC03C19F4D45000B67E9E;
			productRefGroup = 4DBDC04619F4D45000B67E9E /* Products */;
			projectDirPath = "";
			projectRoot = "";
			targets = (
				4DBDC04419F4D45000B67E9E /* NimbleTest */,
				4DBDC06519F4D45000B67E9E /* NimbleTestTests */,
			);
		};
/* End PBXProject section */

/* Begin PBXResourcesBuildPhase section */
		4DBDC04319F4D45000B67E9E /* Resources */ = {
			isa = PBXResourcesBuildPhase;
			buildActionMask = 2147483647;
			files = (
				4DBDC06119F4D45000B67E9E /* Images.xcassets in Resources */,
				4DBDC05319F4D45000B67E9E /* InfoPlist.strings in Resources */,
				4DBDC05C19F4D45000B67E9E /* Main.storyboard in Resources */,
			);
			runOnlyForDeploymentPostprocessing = 0;
		};
		4DBDC06419F4D45000B67E9E /* Resources */ = {
			isa = PBXResourcesBuildPhase;
			buildActionMask = 2147483647;
			files = (
				4DBDC07219F4D45000B67E9E /* InfoPlist.strings in Resources */,
			);
			runOnlyForDeploymentPostprocessing = 0;
		};
/* End PBXResourcesBuildPhase section */

/* Begin PBXSourcesBuildPhase section */
		4DBDC04119F4D45000B67E9E /* Sources */ = {
			isa = PBXSourcesBuildPhase;
			buildActionMask = 2147483647;
			files = (
				4DBDC05F19F4D45000B67E9E /* ViewController.m in Sources */,
				4DBDC05919F4D45000B67E9E /* AppDelegate.m in Sources */,
				4DBDC05519F4D45000B67E9E /* main.m in Sources */,
			);
			runOnlyForDeploymentPostprocessing = 0;
		};
		4DBDC06219F4D45000B67E9E /* Sources */ = {
			isa = PBXSourcesBuildPhase;
			buildActionMask = 2147483647;
			files = (
				4DBDC07419F4D45000B67E9E /* NimbleTestTests.m in Sources */,
			);
			runOnlyForDeploymentPostprocessing = 0;
		};
/* End PBXSourcesBuildPhase section */

/* Begin PBXTargetDependency section */
		4DBDC06C19F4D45000B67E9E /* PBXTargetDependency */ = {
			isa = PBXTargetDependency;
			target = 4DBDC04419F4D45000B67E9E /* NimbleTest */;
			targetProxy = 4DBDC06B19F4D45000B67E9E /* PBXContainerItemProxy */;
		};
/* End PBXTargetDependency section */

/* Begin PBXVariantGroup section */
		4DBDC05119F4D45000B67E9E /* InfoPlist.strings */ = {
			isa = PBXVariantGroup;
			children = (
				4DBDC05219F4D45000B67E9E /* en */,
			);
			name = InfoPlist.strings;
			sourceTree = "<group>";
		};
		4DBDC05A19F4D45000B67E9E /* Main.storyboard */ = {
			isa = PBXVariantGroup;
			children = (
				4DBDC05B19F4D45000B67E9E /* Base */,
			);
			name = Main.storyboard;
			sourceTree = "<group>";
		};
		4DBDC07019F4D45000B67E9E /* InfoPlist.strings */ = {
			isa = PBXVariantGroup;
			children = (
				4DBDC07119F4D45000B67E9E /* en */,
			);
			name = InfoPlist.strings;
			sourceTree = "<group>";
		};
/* End PBXVariantGroup section */

/* Begin XCBuildConfiguration section */
		4DBDC07519F4D45000B67E9E /* Debug */ = {
			isa = XCBuildConfiguration;
			buildSettings = {
				ALWAYS_SEARCH_USER_PATHS = NO;
				CLANG_CXX_LANGUAGE_STANDARD = "gnu++0x";
				CLANG_CXX_LIBRARY = "libc++";
				CLANG_ENABLE_MODULES = YES;
				CLANG_ENABLE_OBJC_ARC = YES;
				CLANG_WARN_BOOL_CONVERSION = YES;
				CLANG_WARN_CONSTANT_CONVERSION = YES;
				CLANG_WARN_DIRECT_OBJC_ISA_USAGE = YES_ERROR;
				CLANG_WARN_EMPTY_BODY = YES;
				CLANG_WARN_ENUM_CONVERSION = YES;
				CLANG_WARN_INT_CONVERSION = YES;
				CLANG_WARN_OBJC_ROOT_CLASS = YES_ERROR;
				CLANG_WARN__DUPLICATE_METHOD_MATCH = YES;
				"CODE_SIGN_IDENTITY[sdk=iphoneos*]" = "iPhone Developer";
				COPY_PHASE_STRIP = NO;
				GCC_C_LANGUAGE_STANDARD = gnu99;
				GCC_DYNAMIC_NO_PIC = NO;
				GCC_OPTIMIZATION_LEVEL = 0;
				GCC_PREPROCESSOR_DEFINITIONS = (
					"DEBUG=1",
					"$(inherited)",
				);
				GCC_SYMBOLS_PRIVATE_EXTERN = NO;
				GCC_WARN_64_TO_32_BIT_CONVERSION = YES;
				GCC_WARN_ABOUT_RETURN_TYPE = YES_ERROR;
				GCC_WARN_UNDECLARED_SELECTOR = YES;
				GCC_WARN_UNINITIALIZED_AUTOS = YES_AGGRESSIVE;
				GCC_WARN_UNUSED_FUNCTION = YES;
				GCC_WARN_UNUSED_VARIABLE = YES;
				IPHONEOS_DEPLOYMENT_TARGET = 7.1;
				ONLY_ACTIVE_ARCH = YES;
				SDKROOT = iphoneos;
			};
			name = Debug;
		};
		4DBDC07619F4D45000B67E9E /* Release */ = {
			isa = XCBuildConfiguration;
			buildSettings = {
				ALWAYS_SEARCH_USER_PATHS = NO;
				CLANG_CXX_LANGUAGE_STANDARD = "gnu++0x";
				CLANG_CXX_LIBRARY = "libc++";
				CLANG_ENABLE_MODULES = YES;
				CLANG_ENABLE_OBJC_ARC = YES;
				CLANG_WARN_BOOL_CONVERSION = YES;
				CLANG_WARN_CONSTANT_CONVERSION = YES;
				CLANG_WARN_DIRECT_OBJC_ISA_USAGE = YES_ERROR;
				CLANG_WARN_EMPTY_BODY = YES;
				CLANG_WARN_ENUM_CONVERSION = YES;
				CLANG_WARN_INT_CONVERSION = YES;
				CLANG_WARN_OBJC_ROOT_CLASS = YES_ERROR;
				CLANG_WARN__DUPLICATE_METHOD_MATCH = YES;
				"CODE_SIGN_IDENTITY[sdk=iphoneos*]" = "iPhone Developer";
				COPY_PHASE_STRIP = YES;
				ENABLE_NS_ASSERTIONS = NO;
				GCC_C_LANGUAGE_STANDARD = gnu99;
				GCC_WARN_64_TO_32_BIT_CONVERSION = YES;
				GCC_WARN_ABOUT_RETURN_TYPE = YES_ERROR;
				GCC_WARN_UNDECLARED_SELECTOR = YES;
				GCC_WARN_UNINITIALIZED_AUTOS = YES_AGGRESSIVE;
				GCC_WARN_UNUSED_FUNCTION = YES;
				GCC_WARN_UNUSED_VARIABLE = YES;
				IPHONEOS_DEPLOYMENT_TARGET = 7.1;
				SDKROOT = iphoneos;
				VALIDATE_PRODUCT = YES;
			};
			name = Release;
		};
		4DBDC07819F4D45000B67E9E /* Debug */ = {
			isa = XCBuildConfiguration;
			buildSettings = {
				ASSETCATALOG_COMPILER_APPICON_NAME = AppIcon;
				ASSETCATALOG_COMPILER_LAUNCHIMAGE_NAME = LaunchImage;
				FRAMEWORK_SEARCH_PATHS = (
					"$(inherited)",
					"$(PROJECT_DIR)",
				);
				GCC_PRECOMPILE_PREFIX_HEADER = YES;
				GCC_PREFIX_HEADER = "NimbleTest/NimbleTest-Prefix.pch";
				INFOPLIST_FILE = "NimbleTest/NimbleTest-Info.plist";
				PRODUCT_NAME = "$(TARGET_NAME)";
				WRAPPER_EXTENSION = app;
			};
			name = Debug;
		};
		4DBDC07919F4D45000B67E9E /* Release */ = {
			isa = XCBuildConfiguration;
			buildSettings = {
				ASSETCATALOG_COMPILER_APPICON_NAME = AppIcon;
				ASSETCATALOG_COMPILER_LAUNCHIMAGE_NAME = LaunchImage;
				FRAMEWORK_SEARCH_PATHS = (
					"$(inherited)",
					"$(PROJECT_DIR)",
				);
				GCC_PRECOMPILE_PREFIX_HEADER = YES;
				GCC_PREFIX_HEADER = "NimbleTest/NimbleTest-Prefix.pch";
				INFOPLIST_FILE = "NimbleTest/NimbleTest-Info.plist";
				PRODUCT_NAME = "$(TARGET_NAME)";
				WRAPPER_EXTENSION = app;
			};
			name = Release;
		};
		4DBDC07B19F4D45000B67E9E /* Debug */ = {
			isa = XCBuildConfiguration;
			buildSettings = {
				BUNDLE_LOADER = "$(BUILT_PRODUCTS_DIR)/NimbleTest.app/NimbleTest";
				FRAMEWORK_SEARCH_PATHS = (
					"$(SDKROOT)/Developer/Library/Frameworks",
					"$(inherited)",
					"$(DEVELOPER_FRAMEWORKS_DIR)",
				);
				GCC_PRECOMPILE_PREFIX_HEADER = YES;
				GCC_PREFIX_HEADER = "NimbleTest/NimbleTest-Prefix.pch";
				GCC_PREPROCESSOR_DEFINITIONS = (
					"DEBUG=1",
					"$(inherited)",
				);
				INFOPLIST_FILE = "NimbleTestTests/NimbleTestTests-Info.plist";
				PRODUCT_NAME = "$(TARGET_NAME)";
				TEST_HOST = "$(BUNDLE_LOADER)";
				WRAPPER_EXTENSION = xctest;
			};
			name = Debug;
		};
		4DBDC07C19F4D45000B67E9E /* Release */ = {
			isa = XCBuildConfiguration;
			buildSettings = {
				BUNDLE_LOADER = "$(BUILT_PRODUCTS_DIR)/NimbleTest.app/NimbleTest";
				FRAMEWORK_SEARCH_PATHS = (
					"$(SDKROOT)/Developer/Library/Frameworks",
					"$(inherited)",
					"$(DEVELOPER_FRAMEWORKS_DIR)",
				);
				GCC_PRECOMPILE_PREFIX_HEADER = YES;
				GCC_PREFIX_HEADER = "NimbleTest/NimbleTest-Prefix.pch";
				INFOPLIST_FILE = "NimbleTestTests/NimbleTestTests-Info.plist";
				PRODUCT_NAME = "$(TARGET_NAME)";
				TEST_HOST = "$(BUNDLE_LOADER)";
				WRAPPER_EXTENSION = xctest;
			};
			name = Release;
		};
/* End XCBuildConfiguration section */

/* Begin XCConfigurationList section */
		4DBDC04019F4D45000B67E9E /* Build configuration list for PBXProject "NimbleTest" */ = {
			isa = XCConfigurationList;
			buildConfigurations = (
				4DBDC07519F4D45000B67E9E /* Debug */,
				4DBDC07619F4D45000B67E9E /* Release */,
			);
			defaultConfigurationIsVisible = 0;
			defaultConfigurationName = Release;
		};
		4DBDC07719F4D45000B67E9E /* Build configuration list for PBXNativeTarget "NimbleTest" */ = {
			isa = XCConfigurationList;
			buildConfigurations = (
				4DBDC07819F4D45000B67E9E /* Debug */,
				4DBDC07919F4D45000B67E9E /* Release */,
			);
			defaultConfigurationIsVisible = 0;
		};
		4DBDC07A19F4D45000B67E9E /* Build configuration list for PBXNativeTarget "NimbleTestTests" */ = {
			isa = XCConfigurationList;
			buildConfigurations = (
				4DBDC07B19F4D45000B67E9E /* Debug */,
				4DBDC07C19F4D45000B67E9E /* Release */,
			);
			defaultConfigurationIsVisible = 0;
		};
/* End XCConfigurationList section */
	};
	rootObject = 4DBDC03D19F4D45000B67E9E /* Project object */;
}
